
Microsoft Visual Studio Solution File, Format Version 12.00
# Visual Studio 15
VisualStudioVersion = 15.0.28307.329
MinimumVisualStudioVersion = 10.0.40219.1
Project("{9A19103F-16F7-4668-BE54-9A1E7A4F7556}") = "Audit", "Audit\Audit.csproj", "{8AD245F9-DD76-4182-B9B0-12AC727F81DE}"
EndProject
Global
	GlobalSection(SolutionConfigurationPlatforms) = preSolution
		Debug|Any CPU = Debug|Any CPU
		Release|Any CPU = Release|Any CPU
	EndGlobalSection
	GlobalSection(ProjectConfigurationPlatforms) = postSolution
		{8AD245F9-DD76-4182-B9B0-12AC727F81DE}.Debug|Any CPU.ActiveCfg = Debug|Any CPU
		{8AD245F9-DD76-4182-B9B0-12AC727F81DE}.Debug|Any CPU.Build.0 = Debug|Any CPU
		{8AD245F9-DD76-4182-B9B0-12AC727F81DE}.Release|Any CPU.ActiveCfg = Release|Any CPU
		{8AD245F9-DD76-4182-B9B0-12AC727F81DE}.Release|Any CPU.Build.0 = Release|Any CPU
	EndGlobalSection
	GlobalSection(SolutionProperties) = preSolution
		HideSolutionNode = FALSE
	EndGlobalSection
	GlobalSection(ExtensibilityGlobals) = postSolution
		SolutionGuid = {24EBC2B9-76D7-4500-BB31-1709080B4041}
	EndGlobalSection
EndGlobal
